
Microsoft Visual Studio Solution File, Format Version 12.00
# Visual Studio Version 16
VisualStudioVersion = 16.0.808.0
MinimumVisualStudioVersion = 10.0.40219.1
Project("{FAE04EC0-301F-11D3-BF4B-00C04F79EFBC}") = "Search.App", "searchApp\Search.App.csproj", "{45169ED2-ACDB-43D0-9E1A-C70680BA2CA5}"
EndProject
Project("{FAE04EC0-301F-11D3-BF4B-00C04F79EFBC}") = "Search", "Search\Search.csproj", "{9D61AC20-773E-4D48-A833-0A200A11CDBA}"
EndProject
Project("{FAE04EC0-301F-11D3-BF4B-00C04F79EFBC}") = "Search.Mock", "Search.Mock\Search.Mock.csproj", "{19B08632-4914-4BA2-9228-BCFD9E119B12}"
EndProject
Project("{FAE04EC0-301F-11D3-BF4B-00C04F79EFBC}") = "Search.App.Tests", "Search.App.Tests\Search.App.Tests.csproj", "{7EB87A8F-CAC5-4E35-9BDA-A3529536575E}"
EndProject
Project("{FAE04EC0-301F-11D3-BF4B-00C04F79EFBC}") = "Search.Mock.Tests", "Search.Mock.Tests\Search.Mock.Tests.csproj", "{46345B15-5848-4314-9885-9AD19E2B26D3}"
EndProject
Global
	GlobalSection(SolutionConfigurationPlatforms) = preSolution
		Debug|Any CPU = Debug|Any CPU
		Release|Any CPU = Release|Any CPU
	EndGlobalSection
	GlobalSection(ProjectConfigurationPlatforms) = postSolution
		{45169ED2-ACDB-43D0-9E1A-C70680BA2CA5}.Debug|Any CPU.ActiveCfg = Debug|Any CPU
		{45169ED2-ACDB-43D0-9E1A-C70680BA2CA5}.Debug|Any CPU.Build.0 = Debug|Any CPU
		{45169ED2-ACDB-43D0-9E1A-C70680BA2CA5}.Release|Any CPU.ActiveCfg = Release|Any CPU
		{45169ED2-ACDB-43D0-9E1A-C70680BA2CA5}.Release|Any CPU.Build.0 = Release|Any CPU
		{9D61AC20-773E-4D48-A833-0A200A11CDBA}.Debug|Any CPU.ActiveCfg = Debug|Any CPU
		{9D61AC20-773E-4D48-A833-0A200A11CDBA}.Debug|Any CPU.Build.0 = Debug|Any CPU
		{9D61AC20-773E-4D48-A833-0A200A11CDBA}.Release|Any CPU.ActiveCfg = Release|Any CPU
		{9D61AC20-773E-4D48-A833-0A200A11CDBA}.Release|Any CPU.Build.0 = Release|Any CPU
		{19B08632-4914-4BA2-9228-BCFD9E119B12}.Debug|Any CPU.ActiveCfg = Debug|Any CPU
		{19B08632-4914-4BA2-9228-BCFD9E119B12}.Debug|Any CPU.Build.0 = Debug|Any CPU
		{19B08632-4914-4BA2-9228-BCFD9E119B12}.Release|Any CPU.ActiveCfg = Release|Any CPU
		{19B08632-4914-4BA2-9228-BCFD9E119B12}.Release|Any CPU.Build.0 = Release|Any CPU
		{7EB87A8F-CAC5-4E35-9BDA-A3529536575E}.Debug|Any CPU.ActiveCfg = Debug|Any CPU
		{7EB87A8F-CAC5-4E35-9BDA-A3529536575E}.Debug|Any CPU.Build.0 = Debug|Any CPU
		{7EB87A8F-CAC5-4E35-9BDA-A3529536575E}.Release|Any CPU.ActiveCfg = Release|Any CPU
		{7EB87A8F-CAC5-4E35-9BDA-A3529536575E}.Release|Any CPU.Build.0 = Release|Any CPU
		{46345B15-5848-4314-9885-9AD19E2B26D3}.Debug|Any CPU.ActiveCfg = Debug|Any CPU
		{46345B15-5848-4314-9885-9AD19E2B26D3}.Debug|Any CPU.Build.0 = Debug|Any CPU
		{46345B15-5848-4314-9885-9AD19E2B26D3}.Release|Any CPU.ActiveCfg = Release|Any CPU
		{46345B15-5848-4314-9885-9AD19E2B26D3}.Release|Any CPU.Build.0 = Release|Any CPU
	EndGlobalSection
	GlobalSection(SolutionProperties) = preSolution
		HideSolutionNode = FALSE
	EndGlobalSection
	GlobalSection(ExtensibilityGlobals) = postSolution
		SolutionGuid = {5C2C2CCD-0458-432A-B516-5C9CDA6F25CB}
	EndGlobalSection
EndGlobal
